{
    "_readme": [
        "This file locks the dependencies of your project to a known state",
        "Read more about it at https://getcomposer.org/doc/01-basic-usage.md#installing-dependencies",
        "This file is @generated automatically"
    ],
    "content-hash": "4bc119500c29d6ae28574500a231827f",
    "packages": [
        {
            "name": "beberlei/assert",
            "version": "v2.9.6",
            "source": {
                "type": "git",
                "url": "https://github.com/beberlei/assert.git",
                "reference": "ec9e4cf0b63890edce844ee3922e2b95a526e936"
            },
            "dist": {
                "type": "zip",
                "url": "https://api.github.com/repos/beberlei/assert/zipball/ec9e4cf0b63890edce844ee3922e2b95a526e936",
                "reference": "ec9e4cf0b63890edce844ee3922e2b95a526e936",
                "shasum": ""
            },
            "require": {
                "ext-mbstring": "*",
                "php": ">=5.3"
            },
            "require-dev": {
                "friendsofphp/php-cs-fixer": "^2.1.1",
                "phpunit/phpunit": "^4.8.35|^5.7"
            },
            "type": "library",
            "autoload": {
                "psr-4": {
                    "Assert\\": "lib/Assert"
                },
                "files": [
                    "lib/Assert/functions.php"
                ]
            },
            "notification-url": "https://packagist.org/downloads/",
            "license": [
                "BSD-2-Clause"
            ],
            "authors": [
                {
                    "name": "Benjamin Eberlei",
                    "email": "kontakt@beberlei.de",
                    "role": "Lead Developer"
                },
                {
                    "name": "Richard Quadling",
                    "email": "rquadling@gmail.com",
                    "role": "Collaborator"
                }
            ],
            "description": "Thin assertion library for input validation in business models.",
            "keywords": [
                "assert",
                "assertion",
                "validation"
            ],
            "time": "2018-06-11T17:15:25+00:00"
        },
        {
            "name": "php-school/cli-menu",
            "version": "3.0.0",
            "source": {
                "type": "git",
                "url": "https://github.com/php-school/cli-menu.git",
                "reference": "b825381156a5716cb4e4ef8c1ddab8abafc0fbca"
            },
            "dist": {
                "type": "zip",
                "url": "https://api.github.com/repos/php-school/cli-menu/zipball/b825381156a5716cb4e4ef8c1ddab8abafc0fbca",
                "reference": "b825381156a5716cb4e4ef8c1ddab8abafc0fbca",
                "shasum": ""
            },
            "require": {
                "beberlei/assert": "^2.4",
                "ext-posix": "*",
                "php": ">=7.1",
                "php-school/terminal": "^0.1"
            },
            "require-dev": {
                "phpstan/phpstan": "^0.9.2",
                "phpunit/phpunit": "^7.1",
                "squizlabs/php_codesniffer": "^3.2"
            },
            "type": "library",
            "autoload": {
                "psr-4": {
                    "PhpSchool\\CliMenu\\": "src"
                }
            },
            "notification-url": "https://packagist.org/downloads/",
            "license": [
                "MIT"
            ],
            "authors": [
                {
                    "name": "Michael Woodward",
                    "email": "mikeymike.mw@gmail.com"
                },
                {
                    "name": "Aydin Hassan",
                    "email": "aydin@hotmail.com"
                }
            ],
            "description": "A command line menu helper in PHP",
            "keywords": [
                "cli",
                "console",
                "menu",
                "php-school",
                "phpschool",
                "terminal"
            ],
            "time": "2018-05-17T11:38:22+00:00"
        },
        {
            "name": "php-school/terminal",
            "version": "0.1.0",
            "source": {
                "type": "git",
                "url": "https://github.com/php-school/terminal.git",
                "reference": "5533b179095668f951bb393aa41def386f0f6edf"
            },
            "dist": {
                "type": "zip",
                "url": "https://api.github.com/repos/php-school/terminal/zipball/5533b179095668f951bb393aa41def386f0f6edf",
                "reference": "5533b179095668f951bb393aa41def386f0f6edf",
                "shasum": ""
            },
            "require": {
                "ext-posix": "*",
                "php": ">=7.1"
            },
            "require-dev": {
                "phpstan/phpstan": "^0.9.2",
                "phpunit/phpunit": "^7.1",
                "squizlabs/php_codesniffer": "^3.2"
            },
            "type": "library",
            "autoload": {
                "psr-4": {
                    "PhpSchool\\Terminal\\": "src"
                }
            },
            "notification-url": "https://packagist.org/downloads/",
            "license": [
                "MIT"
            ],
            "authors": [
                {
                    "name": "Michael Woodward",
                    "email": "mikeymike.mw@gmail.com"
                },
                {
                    "name": "Aydin Hassan",
                    "email": "aydin@hotmail.com"
                }
            ],
            "description": "A command line terminal utility in PHP",
            "keywords": [
                "cli",
                "console",
                "php-school",
                "phpschool",
                "terminal"
            ],
            "time": "2018-05-06T20:10:24+00:00"
        }
    ],
    "packages-dev": [
        {
            "name": "eaglewu/swoole-ide-helper",
            "version": "dev-master",
            "source": {
                "type": "git",
                "url": "https://github.com/eaglewu/swoole-ide-helper.git",
                "reference": "1873beb3709ea9c5ece6e3ecb74a525f5ee4166f"
            },
            "dist": {
                "type": "zip",
                "url": "https://api.github.com/repos/eaglewu/swoole-ide-helper/zipball/1873beb3709ea9c5ece6e3ecb74a525f5ee4166f",
                "reference": "1873beb3709ea9c5ece6e3ecb74a525f5ee4166f",
                "shasum": ""
            },
            "type": "library",
            "notification-url": "https://packagist.org/downloads/",
            "authors": [
                {
                    "name": "eagle",
                    "email": "eaglewudi@gmail.com"
                }
            ],
            "description": "Swoole 在IDE下自动识别类、函数、宏，自动补全函数名",
            "time": "2018-06-28T14:32:18+00:00"
        }
    ],
    "aliases": [],
    "minimum-stability": "stable",
    "stability-flags": {
        "eaglewu/swoole-ide-helper": 20
    },
    "prefer-stable": false,
    "prefer-lowest": false,
    "platform": {
        "php": ">=7.0.0"
    },
    "platform-dev": []
}
